
Microsoft Visual Studio Solution File, Format Version 12.00
# Visual Studio Version 16
VisualStudioVersion = 16.0.33801.447
MinimumVisualStudioVersion = 10.0.40219.1
Project("{FAE04EC0-301F-11D3-BF4B-00C04F79EFBC}") = "appTimer", "appTimer\appTimer.csproj", "{115DA314-4E66-41A9-904A-0483F971A758}"
EndProject
Project("{2150E333-8FDC-42A3-9474-1A3956D46DE8}") = "Solution Items", "Solution Items", "{D899C57F-8F41-417C-8E21-FEA05C62E5E2}"
EndProject
Global
	GlobalSection(SolutionConfigurationPlatforms) = preSolution
		Debug|Any CPU = Debug|Any CPU
		Release|Any CPU = Release|Any CPU
	EndGlobalSection
	GlobalSection(ProjectConfigurationPlatforms) = postSolution
		{115DA314-4E66-41A9-904A-0483F971A758}.Debug|Any CPU.ActiveCfg = Debug|Any CPU
		{115DA314-4E66-41A9-904A-0483F971A758}.Debug|Any CPU.Build.0 = Debug|Any CPU
		{115DA314-4E66-41A9-904A-0483F971A758}.Release|Any CPU.ActiveCfg = Release|Any CPU
		{115DA314-4E66-41A9-904A-0483F971A758}.Release|Any CPU.Build.0 = Release|Any CPU
	EndGlobalSection
	GlobalSection(SolutionProperties) = preSolution
		HideSolutionNode = FALSE
	EndGlobalSection
	GlobalSection(ExtensibilityGlobals) = postSolution
		SolutionGuid = {1F901423-24B6-4EE9-B98E-1664ED22D284}
	EndGlobalSection
EndGlobal
